
Microsoft Visual Studio Solution File, Format Version 12.00
# Visual Studio 15
VisualStudioVersion = 15.0.27130.2027
MinimumVisualStudioVersion = 10.0.40219.1
Project("{FAE04EC0-301F-11D3-BF4B-00C04F79EFBC}") = "OefMVC", "OefMVC\OefMVC.csproj", "{2FAD6177-A751-45C2-A621-1493634FE53F}"
EndProject
Project("{FAE04EC0-301F-11D3-BF4B-00C04F79EFBC}") = "MyHobbies", "MyHobbies\MyHobbies.csproj", "{D311931B-2E34-4D7D-B255-D6F36353947A}"
EndProject
Global
	GlobalSection(SolutionConfigurationPlatforms) = preSolution
		Debug|Any CPU = Debug|Any CPU
		Release|Any CPU = Release|Any CPU
	EndGlobalSection
	GlobalSection(ProjectConfigurationPlatforms) = postSolution
		{2FAD6177-A751-45C2-A621-1493634FE53F}.Debug|Any CPU.ActiveCfg = Debug|Any CPU
		{2FAD6177-A751-45C2-A621-1493634FE53F}.Debug|Any CPU.Build.0 = Debug|Any CPU
		{2FAD6177-A751-45C2-A621-1493634FE53F}.Release|Any CPU.ActiveCfg = Release|Any CPU
		{2FAD6177-A751-45C2-A621-1493634FE53F}.Release|Any CPU.Build.0 = Release|Any CPU
		{D311931B-2E34-4D7D-B255-D6F36353947A}.Debug|Any CPU.ActiveCfg = Debug|Any CPU
		{D311931B-2E34-4D7D-B255-D6F36353947A}.Debug|Any CPU.Build.0 = Debug|Any CPU
		{D311931B-2E34-4D7D-B255-D6F36353947A}.Release|Any CPU.ActiveCfg = Release|Any CPU
		{D311931B-2E34-4D7D-B255-D6F36353947A}.Release|Any CPU.Build.0 = Release|Any CPU
	EndGlobalSection
	GlobalSection(SolutionProperties) = preSolution
		HideSolutionNode = FALSE
	EndGlobalSection
	GlobalSection(ExtensibilityGlobals) = postSolution
		SolutionGuid = {C7928635-570F-4B02-9B7A-E79ACFBE06CF}
	EndGlobalSection
EndGlobal
